
Microsoft Visual Studio Solution File, Format Version 12.00
# Visual Studio Version 17
VisualStudioVersion = 17.9.34728.123
MinimumVisualStudioVersion = 10.0.40219.1
Project("{FAE04EC0-301F-11D3-BF4B-00C04F79EFBC}") = "FinalAssessment", "FinalAssessment.csproj", "{5DC56203-879F-4222-BEF2-43082981282E}"
EndProject
Global
	GlobalSection(SolutionConfigurationPlatforms) = preSolution
		Debug|Any CPU = Debug|Any CPU
		Release|Any CPU = Release|Any CPU
	EndGlobalSection
	GlobalSection(ProjectConfigurationPlatforms) = postSolution
		{5DC56203-879F-4222-BEF2-43082981282E}.Debug|Any CPU.ActiveCfg = Debug|Any CPU
		{5DC56203-879F-4222-BEF2-43082981282E}.Debug|Any CPU.Build.0 = Debug|Any CPU
		{5DC56203-879F-4222-BEF2-43082981282E}.Release|Any CPU.ActiveCfg = Release|Any CPU
		{5DC56203-879F-4222-BEF2-43082981282E}.Release|Any CPU.Build.0 = Release|Any CPU
	EndGlobalSection
	GlobalSection(SolutionProperties) = preSolution
		HideSolutionNode = FALSE
	EndGlobalSection
	GlobalSection(ExtensibilityGlobals) = postSolution
		SolutionGuid = {FBE0C83E-6959-4215-A74B-EAFF27EC3053}
	EndGlobalSection
EndGlobal
